
Microsoft Visual Studio Solution File, Format Version 12.00
# Visual Studio Version 16
VisualStudioVersion = 16.0.31911.196
MinimumVisualStudioVersion = 10.0.40219.1
Project("{FAE04EC0-301F-11D3-BF4B-00C04F79EFBC}") = "Sistema", "Sistema\Sistema.csproj", "{8BEDC35E-663B-43A8-A288-D8B38368F317}"
EndProject
Global
	GlobalSection(SolutionConfigurationPlatforms) = preSolution
		Debug|Any CPU = Debug|Any CPU
		Release|Any CPU = Release|Any CPU
	EndGlobalSection
	GlobalSection(ProjectConfigurationPlatforms) = postSolution
		{8BEDC35E-663B-43A8-A288-D8B38368F317}.Debug|Any CPU.ActiveCfg = Debug|Any CPU
		{8BEDC35E-663B-43A8-A288-D8B38368F317}.Debug|Any CPU.Build.0 = Debug|Any CPU
		{8BEDC35E-663B-43A8-A288-D8B38368F317}.Release|Any CPU.ActiveCfg = Release|Any CPU
		{8BEDC35E-663B-43A8-A288-D8B38368F317}.Release|Any CPU.Build.0 = Release|Any CPU
	EndGlobalSection
	GlobalSection(SolutionProperties) = preSolution
		HideSolutionNode = FALSE
	EndGlobalSection
	GlobalSection(ExtensibilityGlobals) = postSolution
		SolutionGuid = {9A39C6E9-F79B-46BB-BF0D-34E74EDEFA54}
	EndGlobalSection
EndGlobal
